
Microsoft Visual Studio Solution File, Format Version 12.00
# Visual Studio Version 17
VisualStudioVersion = 17.8.34316.72
MinimumVisualStudioVersion = 10.0.40219.1
Project("{FAE04EC0-301F-11D3-BF4B-00C04F79EFBC}") = "StudentEdu.ConUI", "StudentEdu.ConUI\StudentEdu.ConUI.csproj", "{B94BB796-DA32-4EC3-B696-08D0E1F29D66}"
EndProject
Project("{FAE04EC0-301F-11D3-BF4B-00C04F79EFBC}") = "StudentEdu.Data", "StudentEdu.Data\StudentEdu.Data.csproj", "{3C38E39B-73F5-4D74-B81E-FAB5516C4D78}"
EndProject
Global
	GlobalSection(SolutionConfigurationPlatforms) = preSolution
		Debug|Any CPU = Debug|Any CPU
		Release|Any CPU = Release|Any CPU
	EndGlobalSection
	GlobalSection(ProjectConfigurationPlatforms) = postSolution
		{B94BB796-DA32-4EC3-B696-08D0E1F29D66}.Debug|Any CPU.ActiveCfg = Debug|Any CPU
		{B94BB796-DA32-4EC3-B696-08D0E1F29D66}.Debug|Any CPU.Build.0 = Debug|Any CPU
		{B94BB796-DA32-4EC3-B696-08D0E1F29D66}.Release|Any CPU.ActiveCfg = Release|Any CPU
		{B94BB796-DA32-4EC3-B696-08D0E1F29D66}.Release|Any CPU.Build.0 = Release|Any CPU
		{3C38E39B-73F5-4D74-B81E-FAB5516C4D78}.Debug|Any CPU.ActiveCfg = Debug|Any CPU
		{3C38E39B-73F5-4D74-B81E-FAB5516C4D78}.Debug|Any CPU.Build.0 = Debug|Any CPU
		{3C38E39B-73F5-4D74-B81E-FAB5516C4D78}.Release|Any CPU.ActiveCfg = Release|Any CPU
		{3C38E39B-73F5-4D74-B81E-FAB5516C4D78}.Release|Any CPU.Build.0 = Release|Any CPU
	EndGlobalSection
	GlobalSection(SolutionProperties) = preSolution
		HideSolutionNode = FALSE
	EndGlobalSection
	GlobalSection(ExtensibilityGlobals) = postSolution
		SolutionGuid = {D1D6A202-ABEA-4EFA-95AA-7CE0ABFA2FDB}
	EndGlobalSection
EndGlobal
